
Microsoft Visual Studio Solution File, Format Version 12.00
# Visual Studio Version 16
VisualStudioVersion = 16.0.30204.135
MinimumVisualStudioVersion = 10.0.40219.1
Project("{9A19103F-16F7-4668-BE54-9A1E7A4F7556}") = "QSharpApplication1", "QSharpApplication1\QSharpApplication1.csproj", "{0546F217-3478-438C-9BD4-0986683C71A0}"
EndProject
Project("{9A19103F-16F7-4668-BE54-9A1E7A4F7556}") = "CustomAlgorithms", "CustomAlgorithms\CustomAlgorithms.csproj", "{F41175E3-F008-48AD-AB82-641B5552FF29}"
EndProject
Project("{FAE04EC0-301F-11D3-BF4B-00C04F79EFBC}") = "ConsoleApp1", "ConsoleApp1\ConsoleApp1.csproj", "{B8FCA462-361A-4D03-9DA3-CE268C04EFC0}"
EndProject
Global
	GlobalSection(SolutionConfigurationPlatforms) = preSolution
		Debug|Any CPU = Debug|Any CPU
		Release|Any CPU = Release|Any CPU
	EndGlobalSection
	GlobalSection(ProjectConfigurationPlatforms) = postSolution
		{0546F217-3478-438C-9BD4-0986683C71A0}.Debug|Any CPU.ActiveCfg = Debug|Any CPU
		{0546F217-3478-438C-9BD4-0986683C71A0}.Debug|Any CPU.Build.0 = Debug|Any CPU
		{0546F217-3478-438C-9BD4-0986683C71A0}.Release|Any CPU.ActiveCfg = Release|Any CPU
		{0546F217-3478-438C-9BD4-0986683C71A0}.Release|Any CPU.Build.0 = Release|Any CPU
		{F41175E3-F008-48AD-AB82-641B5552FF29}.Debug|Any CPU.ActiveCfg = Debug|Any CPU
		{F41175E3-F008-48AD-AB82-641B5552FF29}.Debug|Any CPU.Build.0 = Debug|Any CPU
		{F41175E3-F008-48AD-AB82-641B5552FF29}.Release|Any CPU.ActiveCfg = Release|Any CPU
		{F41175E3-F008-48AD-AB82-641B5552FF29}.Release|Any CPU.Build.0 = Release|Any CPU
		{B8FCA462-361A-4D03-9DA3-CE268C04EFC0}.Debug|Any CPU.ActiveCfg = Debug|Any CPU
		{B8FCA462-361A-4D03-9DA3-CE268C04EFC0}.Debug|Any CPU.Build.0 = Debug|Any CPU
		{B8FCA462-361A-4D03-9DA3-CE268C04EFC0}.Release|Any CPU.ActiveCfg = Release|Any CPU
		{B8FCA462-361A-4D03-9DA3-CE268C04EFC0}.Release|Any CPU.Build.0 = Release|Any CPU
	EndGlobalSection
	GlobalSection(SolutionProperties) = preSolution
		HideSolutionNode = FALSE
	EndGlobalSection
	GlobalSection(ExtensibilityGlobals) = postSolution
		SolutionGuid = {28E874AB-19A6-42B3-B116-93DD41B286C0}
	EndGlobalSection
EndGlobal
